
Microsoft Visual Studio Solution File, Format Version 12.00
# Visual Studio 15
VisualStudioVersion = 15.0.28307.489
MinimumVisualStudioVersion = 10.0.40219.1
Project("{FAE04EC0-301F-11D3-BF4B-00C04F79EFBC}") = "PersonalDictionary.Android", "PersonalDictionary\PersonalDictionary.Android\PersonalDictionary.Android.csproj", "{A7042262-F261-4569-96F0-0E5BB6315873}"
EndProject
Project("{FAE04EC0-301F-11D3-BF4B-00C04F79EFBC}") = "PersonalDictionary.iOS", "PersonalDictionary\PersonalDictionary.iOS\PersonalDictionary.iOS.csproj", "{3D6E8F2D-08B9-4F74-BDF8-4320AE46C9DB}"
EndProject
Project("{FAE04EC0-301F-11D3-BF4B-00C04F79EFBC}") = "PersonalDictionary", "PersonalDictionary\PersonalDictionary\PersonalDictionary.csproj", "{EEC716A2-7163-4880-BB47-987D93DB292E}"
EndProject
Global
	GlobalSection(SolutionConfigurationPlatforms) = preSolution
		Ad-Hoc|Any CPU = Ad-Hoc|Any CPU
		Ad-Hoc|iPhone = Ad-Hoc|iPhone
		Ad-Hoc|iPhoneSimulator = Ad-Hoc|iPhoneSimulator
		AppStore|Any CPU = AppStore|Any CPU
		AppStore|iPhone = AppStore|iPhone
		AppStore|iPhoneSimulator = AppStore|iPhoneSimulator
		Debug|Any CPU = Debug|Any CPU
		Debug|iPhone = Debug|iPhone
		Debug|iPhoneSimulator = Debug|iPhoneSimulator
		Release|Any CPU = Release|Any CPU
		Release|iPhone = Release|iPhone
		Release|iPhoneSimulator = Release|iPhoneSimulator
	EndGlobalSection
	GlobalSection(ProjectConfigurationPlatforms) = postSolution
		{A7042262-F261-4569-96F0-0E5BB6315873}.Ad-Hoc|Any CPU.ActiveCfg = Release|Any CPU
		{A7042262-F261-4569-96F0-0E5BB6315873}.Ad-Hoc|Any CPU.Build.0 = Release|Any CPU
		{A7042262-F261-4569-96F0-0E5BB6315873}.Ad-Hoc|Any CPU.Deploy.0 = Release|Any CPU
		{A7042262-F261-4569-96F0-0E5BB6315873}.Ad-Hoc|iPhone.ActiveCfg = Release|Any CPU
		{A7042262-F261-4569-96F0-0E5BB6315873}.Ad-Hoc|iPhone.Build.0 = Release|Any CPU
		{A7042262-F261-4569-96F0-0E5BB6315873}.Ad-Hoc|iPhone.Deploy.0 = Release|Any CPU
		{A7042262-F261-4569-96F0-0E5BB6315873}.Ad-Hoc|iPhoneSimulator.ActiveCfg = Release|Any CPU
		{A7042262-F261-4569-96F0-0E5BB6315873}.Ad-Hoc|iPhoneSimulator.Build.0 = Release|Any CPU
		{A7042262-F261-4569-96F0-0E5BB6315873}.Ad-Hoc|iPhoneSimulator.Deploy.0 = Release|Any CPU
		{A7042262-F261-4569-96F0-0E5BB6315873}.AppStore|Any CPU.ActiveCfg = Release|Any CPU
		{A7042262-F261-4569-96F0-0E5BB6315873}.AppStore|Any CPU.Build.0 = Release|Any CPU
		{A7042262-F261-4569-96F0-0E5BB6315873}.AppStore|Any CPU.Deploy.0 = Release|Any CPU
		{A7042262-F261-4569-96F0-0E5BB6315873}.AppStore|iPhone.ActiveCfg = Release|Any CPU
		{A7042262-F261-4569-96F0-0E5BB6315873}.AppStore|iPhone.Build.0 = Release|Any CPU
		{A7042262-F261-4569-96F0-0E5BB6315873}.AppStore|iPhone.Deploy.0 = Release|Any CPU
		{A7042262-F261-4569-96F0-0E5BB6315873}.AppStore|iPhoneSimulator.ActiveCfg = Release|Any CPU
		{A7042262-F261-4569-96F0-0E5BB6315873}.AppStore|iPhoneSimulator.Build.0 = Release|Any CPU
		{A7042262-F261-4569-96F0-0E5BB6315873}.AppStore|iPhoneSimulator.Deploy.0 = Release|Any CPU
		{A7042262-F261-4569-96F0-0E5BB6315873}.Debug|Any CPU.ActiveCfg = Debug|Any CPU
		{A7042262-F261-4569-96F0-0E5BB6315873}.Debug|Any CPU.Build.0 = Debug|Any CPU
		{A7042262-F261-4569-96F0-0E5BB6315873}.Debug|Any CPU.Deploy.0 = Debug|Any CPU
		{A7042262-F261-4569-96F0-0E5BB6315873}.Debug|iPhone.ActiveCfg = Debug|Any CPU
		{A7042262-F261-4569-96F0-0E5BB6315873}.Debug|iPhone.Build.0 = Debug|Any CPU
		{A7042262-F261-4569-96F0-0E5BB6315873}.Debug|iPhone.Deploy.0 = Debug|Any CPU
		{A7042262-F261-4569-96F0-0E5BB6315873}.Debug|iPhoneSimulator.ActiveCfg = Debug|Any CPU
		{A7042262-F261-4569-96F0-0E5BB6315873}.Debug|iPhoneSimulator.Build.0 = Debug|Any CPU
		{A7042262-F261-4569-96F0-0E5BB6315873}.Debug|iPhoneSimulator.Deploy.0 = Debug|Any CPU
		{A7042262-F261-4569-96F0-0E5BB6315873}.Release|Any CPU.ActiveCfg = Release|Any CPU
		{A7042262-F261-4569-96F0-0E5BB6315873}.Release|Any CPU.Build.0 = Release|Any CPU
		{A7042262-F261-4569-96F0-0E5BB6315873}.Release|Any CPU.Deploy.0 = Release|Any CPU
		{A7042262-F261-4569-96F0-0E5BB6315873}.Release|iPhone.ActiveCfg = Release|Any CPU
		{A7042262-F261-4569-96F0-0E5BB6315873}.Release|iPhone.Build.0 = Release|Any CPU
		{A7042262-F261-4569-96F0-0E5BB6315873}.Release|iPhone.Deploy.0 = Release|Any CPU
		{A7042262-F261-4569-96F0-0E5BB6315873}.Release|iPhoneSimulator.ActiveCfg = Release|Any CPU
		{A7042262-F261-4569-96F0-0E5BB6315873}.Release|iPhoneSimulator.Build.0 = Release|Any CPU
		{A7042262-F261-4569-96F0-0E5BB6315873}.Release|iPhoneSimulator.Deploy.0 = Release|Any CPU
		{3D6E8F2D-08B9-4F74-BDF8-4320AE46C9DB}.Ad-Hoc|Any CPU.ActiveCfg = Ad-Hoc|iPhone
		{3D6E8F2D-08B9-4F74-BDF8-4320AE46C9DB}.Ad-Hoc|Any CPU.Build.0 = Ad-Hoc|iPhone
		{3D6E8F2D-08B9-4F74-BDF8-4320AE46C9DB}.Ad-Hoc|Any CPU.Deploy.0 = Ad-Hoc|iPhone
		{3D6E8F2D-08B9-4F74-BDF8-4320AE46C9DB}.Ad-Hoc|iPhone.ActiveCfg = Ad-Hoc|iPhone
		{3D6E8F2D-08B9-4F74-BDF8-4320AE46C9DB}.Ad-Hoc|iPhone.Build.0 = Ad-Hoc|iPhone
		{3D6E8F2D-08B9-4F74-BDF8-4320AE46C9DB}.Ad-Hoc|iPhone.Deploy.0 = Ad-Hoc|iPhone
		{3D6E8F2D-08B9-4F74-BDF8-4320AE46C9DB}.Ad-Hoc|iPhoneSimulator.ActiveCfg = Ad-Hoc|iPhoneSimulator
		{3D6E8F2D-08B9-4F74-BDF8-4320AE46C9DB}.Ad-Hoc|iPhoneSimulator.Build.0 = Ad-Hoc|iPhoneSimulator
		{3D6E8F2D-08B9-4F74-BDF8-4320AE46C9DB}.Ad-Hoc|iPhoneSimulator.Deploy.0 = Ad-Hoc|iPhoneSimulator
		{3D6E8F2D-08B9-4F74-BDF8-4320AE46C9DB}.AppStore|Any CPU.ActiveCfg = AppStore|iPhone
		{3D6E8F2D-08B9-4F74-BDF8-4320AE46C9DB}.AppStore|Any CPU.Build.0 = AppStore|iPhone
		{3D6E8F2D-08B9-4F74-BDF8-4320AE46C9DB}.AppStore|Any CPU.Deploy.0 = AppStore|iPhone
		{3D6E8F2D-08B9-4F74-BDF8-4320AE46C9DB}.AppStore|iPhone.ActiveCfg = AppStore|iPhone
		{3D6E8F2D-08B9-4F74-BDF8-4320AE46C9DB}.AppStore|iPhone.Build.0 = AppStore|iPhone
		{3D6E8F2D-08B9-4F74-BDF8-4320AE46C9DB}.AppStore|iPhone.Deploy.0 = AppStore|iPhone
		{3D6E8F2D-08B9-4F74-BDF8-4320AE46C9DB}.AppStore|iPhoneSimulator.ActiveCfg = AppStore|iPhoneSimulator
		{3D6E8F2D-08B9-4F74-BDF8-4320AE46C9DB}.AppStore|iPhoneSimulator.Build.0 = AppStore|iPhoneSimulator
		{3D6E8F2D-08B9-4F74-BDF8-4320AE46C9DB}.AppStore|iPhoneSimulator.Deploy.0 = AppStore|iPhoneSimulator
		{3D6E8F2D-08B9-4F74-BDF8-4320AE46C9DB}.Debug|Any CPU.ActiveCfg = Debug|iPhoneSimulator
		{3D6E8F2D-08B9-4F74-BDF8-4320AE46C9DB}.Debug|Any CPU.Build.0 = Debug|iPhoneSimulator
		{3D6E8F2D-08B9-4F74-BDF8-4320AE46C9DB}.Debug|Any CPU.Deploy.0 = Debug|iPhoneSimulator
		{3D6E8F2D-08B9-4F74-BDF8-4320AE46C9DB}.Debug|iPhone.ActiveCfg = Debug|iPhone
		{3D6E8F2D-08B9-4F74-BDF8-4320AE46C9DB}.Debug|iPhone.Build.0 = Debug|iPhone
		{3D6E8F2D-08B9-4F74-BDF8-4320AE46C9DB}.Debug|iPhone.Deploy.0 = Debug|iPhone
		{3D6E8F2D-08B9-4F74-BDF8-4320AE46C9DB}.Debug|iPhoneSimulator.ActiveCfg = Debug|iPhoneSimulator
		{3D6E8F2D-08B9-4F74-BDF8-4320AE46C9DB}.Debug|iPhoneSimulator.Build.0 = Debug|iPhoneSimulator
		{3D6E8F2D-08B9-4F74-BDF8-4320AE46C9DB}.Debug|iPhoneSimulator.Deploy.0 = Debug|iPhoneSimulator
		{3D6E8F2D-08B9-4F74-BDF8-4320AE46C9DB}.Release|Any CPU.ActiveCfg = Release|iPhone
		{3D6E8F2D-08B9-4F74-BDF8-4320AE46C9DB}.Release|Any CPU.Build.0 = Release|iPhone
		{3D6E8F2D-08B9-4F74-BDF8-4320AE46C9DB}.Release|Any CPU.Deploy.0 = Release|iPhone
		{3D6E8F2D-08B9-4F74-BDF8-4320AE46C9DB}.Release|iPhone.ActiveCfg = Release|iPhone
		{3D6E8F2D-08B9-4F74-BDF8-4320AE46C9DB}.Release|iPhone.Build.0 = Release|iPhone
		{3D6E8F2D-08B9-4F74-BDF8-4320AE46C9DB}.Release|iPhone.Deploy.0 = Release|iPhone
		{3D6E8F2D-08B9-4F74-BDF8-4320AE46C9DB}.Release|iPhoneSimulator.ActiveCfg = Release|iPhoneSimulator
		{3D6E8F2D-08B9-4F74-BDF8-4320AE46C9DB}.Release|iPhoneSimulator.Build.0 = Release|iPhoneSimulator
		{3D6E8F2D-08B9-4F74-BDF8-4320AE46C9DB}.Release|iPhoneSimulator.Deploy.0 = Release|iPhoneSimulator
		{EEC716A2-7163-4880-BB47-987D93DB292E}.Ad-Hoc|Any CPU.ActiveCfg = Debug|Any CPU
		{EEC716A2-7163-4880-BB47-987D93DB292E}.Ad-Hoc|Any CPU.Build.0 = Debug|Any CPU
		{EEC716A2-7163-4880-BB47-987D93DB292E}.Ad-Hoc|Any CPU.Deploy.0 = Debug|Any CPU
		{EEC716A2-7163-4880-BB47-987D93DB292E}.Ad-Hoc|iPhone.ActiveCfg = Debug|Any CPU
		{EEC716A2-7163-4880-BB47-987D93DB292E}.Ad-Hoc|iPhone.Build.0 = Debug|Any CPU
		{EEC716A2-7163-4880-BB47-987D93DB292E}.Ad-Hoc|iPhone.Deploy.0 = Debug|Any CPU
		{EEC716A2-7163-4880-BB47-987D93DB292E}.Ad-Hoc|iPhoneSimulator.ActiveCfg = Debug|Any CPU
		{EEC716A2-7163-4880-BB47-987D93DB292E}.Ad-Hoc|iPhoneSimulator.Build.0 = Debug|Any CPU
		{EEC716A2-7163-4880-BB47-987D93DB292E}.Ad-Hoc|iPhoneSimulator.Deploy.0 = Debug|Any CPU
		{EEC716A2-7163-4880-BB47-987D93DB292E}.AppStore|Any CPU.ActiveCfg = Debug|Any CPU
		{EEC716A2-7163-4880-BB47-987D93DB292E}.AppStore|Any CPU.Build.0 = Debug|Any CPU
		{EEC716A2-7163-4880-BB47-987D93DB292E}.AppStore|Any CPU.Deploy.0 = Debug|Any CPU
		{EEC716A2-7163-4880-BB47-987D93DB292E}.AppStore|iPhone.ActiveCfg = Debug|Any CPU
		{EEC716A2-7163-4880-BB47-987D93DB292E}.AppStore|iPhone.Build.0 = Debug|Any CPU
		{EEC716A2-7163-4880-BB47-987D93DB292E}.AppStore|iPhone.Deploy.0 = Debug|Any CPU
		{EEC716A2-7163-4880-BB47-987D93DB292E}.AppStore|iPhoneSimulator.ActiveCfg = Debug|Any CPU
		{EEC716A2-7163-4880-BB47-987D93DB292E}.AppStore|iPhoneSimulator.Build.0 = Debug|Any CPU
		{EEC716A2-7163-4880-BB47-987D93DB292E}.AppStore|iPhoneSimulator.Deploy.0 = Debug|Any CPU
		{EEC716A2-7163-4880-BB47-987D93DB292E}.Debug|Any CPU.ActiveCfg = Debug|Any CPU
		{EEC716A2-7163-4880-BB47-987D93DB292E}.Debug|Any CPU.Build.0 = Debug|Any CPU
		{EEC716A2-7163-4880-BB47-987D93DB292E}.Debug|Any CPU.Deploy.0 = Debug|Any CPU
		{EEC716A2-7163-4880-BB47-987D93DB292E}.Debug|iPhone.ActiveCfg = Debug|Any CPU
		{EEC716A2-7163-4880-BB47-987D93DB292E}.Debug|iPhone.Build.0 = Debug|Any CPU
		{EEC716A2-7163-4880-BB47-987D93DB292E}.Debug|iPhone.Deploy.0 = Debug|Any CPU
		{EEC716A2-7163-4880-BB47-987D93DB292E}.Debug|iPhoneSimulator.ActiveCfg = Debug|Any CPU
		{EEC716A2-7163-4880-BB47-987D93DB292E}.Debug|iPhoneSimulator.Build.0 = Debug|Any CPU
		{EEC716A2-7163-4880-BB47-987D93DB292E}.Debug|iPhoneSimulator.Deploy.0 = Debug|Any CPU
		{EEC716A2-7163-4880-BB47-987D93DB292E}.Release|Any CPU.ActiveCfg = Release|Any CPU
		{EEC716A2-7163-4880-BB47-987D93DB292E}.Release|Any CPU.Build.0 = Release|Any CPU
		{EEC716A2-7163-4880-BB47-987D93DB292E}.Release|Any CPU.Deploy.0 = Release|Any CPU
		{EEC716A2-7163-4880-BB47-987D93DB292E}.Release|iPhone.ActiveCfg = Release|Any CPU
		{EEC716A2-7163-4880-BB47-987D93DB292E}.Release|iPhone.Build.0 = Release|Any CPU
		{EEC716A2-7163-4880-BB47-987D93DB292E}.Release|iPhone.Deploy.0 = Release|Any CPU
		{EEC716A2-7163-4880-BB47-987D93DB292E}.Release|iPhoneSimulator.ActiveCfg = Release|Any CPU
		{EEC716A2-7163-4880-BB47-987D93DB292E}.Release|iPhoneSimulator.Build.0 = Release|Any CPU
		{EEC716A2-7163-4880-BB47-987D93DB292E}.Release|iPhoneSimulator.Deploy.0 = Release|Any CPU
	EndGlobalSection
	GlobalSection(SolutionProperties) = preSolution
		HideSolutionNode = FALSE
	EndGlobalSection
	GlobalSection(ExtensibilityGlobals) = postSolution
		SolutionGuid = {C7CC7450-523D-4AA1-B937-A2910D0C6B75}
	EndGlobalSection
EndGlobal
